Microsoft Visual Studio Solution File, Format Version 12.00
# Visual Studio Version 17
VisualStudioVersion = 17.5.2.0
MinimumVisualStudioVersion = 10.0.40219.1
Project("{FAE04EC0-301F-11D3-BF4B-00C04F79EFBC}") = "BirikimPro", "BirikimPro.csproj", "{5D11B68F-ACB3-50EC-5957-745E4FB0EB51}"
EndProject
Global
	GlobalSection(SolutionConfigurationPlatforms) = preSolution
		Debug|Any CPU = Debug|Any CPU
		Release|Any CPU = Release|Any CPU
	EndGlobalSection
	GlobalSection(ProjectConfigurationPlatforms) = postSolution
		{5D11B68F-ACB3-50EC-5957-745E4FB0EB51}.Debug|Any CPU.ActiveCfg = Debug|Any CPU
		{5D11B68F-ACB3-50EC-5957-745E4FB0EB51}.Debug|Any CPU.Build.0 = Debug|Any CPU
		{5D11B68F-ACB3-50EC-5957-745E4FB0EB51}.Release|Any CPU.ActiveCfg = Release|Any CPU
		{5D11B68F-ACB3-50EC-5957-745E4FB0EB51}.Release|Any CPU.Build.0 = Release|Any CPU
	EndGlobalSection
	GlobalSection(SolutionProperties) = preSolution
		HideSolutionNode = FALSE
	EndGlobalSection
	GlobalSection(ExtensibilityGlobals) = postSolution
		SolutionGuid = {5260EB6A-38B2-4FA6-802E-BAB6C77601BC}
	EndGlobalSection
EndGlobal
